
Microsoft Visual Studio Solution File, Format Version 12.00
# Visual Studio Version 17
VisualStudioVersion = 17.5.002.0
MinimumVisualStudioVersion = 10.0.40219.1
Project("{9A19103F-16F7-4668-BE54-9A1E7A4F7556}") = "api", "api\api.csproj", "{4AD4515C-C384-4B3B-B266-7C99AFB0A6E7}"
EndProject
Project("{9A19103F-16F7-4668-BE54-9A1E7A4F7556}") = "email", "email\email.csproj", "{B389D23C-4828-4C73-8C10-9E1F979086FD}"
EndProject
Global
	GlobalSection(SolutionConfigurationPlatforms) = preSolution
		Debug|Any CPU = Debug|Any CPU
		Release|Any CPU = Release|Any CPU
	EndGlobalSection
	GlobalSection(ProjectConfigurationPlatforms) = postSolution
		{4AD4515C-C384-4B3B-B266-7C99AFB0A6E7}.Debug|Any CPU.ActiveCfg = Debug|Any CPU
		{4AD4515C-C384-4B3B-B266-7C99AFB0A6E7}.Debug|Any CPU.Build.0 = Debug|Any CPU
		{4AD4515C-C384-4B3B-B266-7C99AFB0A6E7}.Release|Any CPU.ActiveCfg = Release|Any CPU
		{4AD4515C-C384-4B3B-B266-7C99AFB0A6E7}.Release|Any CPU.Build.0 = Release|Any CPU
		{B389D23C-4828-4C73-8C10-9E1F979086FD}.Debug|Any CPU.ActiveCfg = Debug|Any CPU
		{B389D23C-4828-4C73-8C10-9E1F979086FD}.Debug|Any CPU.Build.0 = Debug|Any CPU
		{B389D23C-4828-4C73-8C10-9E1F979086FD}.Release|Any CPU.ActiveCfg = Release|Any CPU
		{B389D23C-4828-4C73-8C10-9E1F979086FD}.Release|Any CPU.Build.0 = Release|Any CPU
	EndGlobalSection
	GlobalSection(SolutionProperties) = preSolution
		HideSolutionNode = FALSE
	EndGlobalSection
	GlobalSection(ExtensibilityGlobals) = postSolution
		SolutionGuid = {503CE2F3-8414-4D65-AE91-500E37FE8815}
	EndGlobalSection
EndGlobal
